
Microsoft Visual Studio Solution File, Format Version 12.00
# Visual Studio 15
VisualStudioVersion = 15.0.26730.10
MinimumVisualStudioVersion = 10.0.40219.1
Project("{FAE04EC0-301F-11D3-BF4B-00C04F79EFBC}") = "FireAndForgetTasksAnalyzer.Vsix", "FireAndForgetTasksAnalyzer.Vsix\FireAndForgetTasksAnalyzer.Vsix.csproj", "{A0422A49-89E9-4DDD-8457-0D6521BE0258}"
EndProject
Project("{9A19103F-16F7-4668-BE54-9A1E7A4F7556}") = "FireAndForgetTasksAnalyzer", "FireAndForgetTasksAnalyzer\FireAndForgetTasksAnalyzer.csproj", "{65D94A80-E76F-48CD-8039-4D511598F8CA}"
EndProject
Project("{9A19103F-16F7-4668-BE54-9A1E7A4F7556}") = "FireAndForgetTasksAnalyzer.Tests", "FireAndForgetTasksAnalyzer.Tests\FireAndForgetTasksAnalyzer.Tests.csproj", "{E653C855-4527-4C93-B646-0C1DF86255BE}"
EndProject
Global
	GlobalSection(SolutionConfigurationPlatforms) = preSolution
		Debug|Any CPU = Debug|Any CPU
		Release|Any CPU = Release|Any CPU
	EndGlobalSection
	GlobalSection(ProjectConfigurationPlatforms) = postSolution
		{A0422A49-89E9-4DDD-8457-0D6521BE0258}.Debug|Any CPU.ActiveCfg = Debug|Any CPU
		{A0422A49-89E9-4DDD-8457-0D6521BE0258}.Debug|Any CPU.Build.0 = Debug|Any CPU
		{A0422A49-89E9-4DDD-8457-0D6521BE0258}.Release|Any CPU.ActiveCfg = Release|Any CPU
		{A0422A49-89E9-4DDD-8457-0D6521BE0258}.Release|Any CPU.Build.0 = Release|Any CPU
		{65D94A80-E76F-48CD-8039-4D511598F8CA}.Debug|Any CPU.ActiveCfg = Debug|Any CPU
		{65D94A80-E76F-48CD-8039-4D511598F8CA}.Debug|Any CPU.Build.0 = Debug|Any CPU
		{65D94A80-E76F-48CD-8039-4D511598F8CA}.Release|Any CPU.ActiveCfg = Release|Any CPU
		{65D94A80-E76F-48CD-8039-4D511598F8CA}.Release|Any CPU.Build.0 = Release|Any CPU
		{E653C855-4527-4C93-B646-0C1DF86255BE}.Debug|Any CPU.ActiveCfg = Debug|Any CPU
		{E653C855-4527-4C93-B646-0C1DF86255BE}.Debug|Any CPU.Build.0 = Debug|Any CPU
		{E653C855-4527-4C93-B646-0C1DF86255BE}.Release|Any CPU.ActiveCfg = Release|Any CPU
		{E653C855-4527-4C93-B646-0C1DF86255BE}.Release|Any CPU.Build.0 = Release|Any CPU
	EndGlobalSection
	GlobalSection(SolutionProperties) = preSolution
		HideSolutionNode = FALSE
	EndGlobalSection
	GlobalSection(ExtensibilityGlobals) = postSolution
		SolutionGuid = {76793359-5D6A-45AD-9401-7C90E90EA356}
	EndGlobalSection
EndGlobal
